<?xml version="1.0" encoding="utf-8"?>
<Project ToolsVersion="4.0" xmlns="http://schemas.microsoft.com/developer/msbuild/2003">
  <ItemGroup>
    <Filter Include="View">
      <UniqueIdentifier>{67DA6AB6-F800-4c08-8B7A-83BB121AAD01}</UniqueIdentifier>
      <Extensions>rc;ico;cur;bmp;dlg;rc2;rct;bin;rgs;gif;jpg;jpeg;jpe;resx;tiff;tif;png;wav;mfcribbon-ms</Extensions>
    </Filter>
    <Filter Include="Domain">
      <UniqueIdentifier>{4FC737F1-C7A5-4376-A066-2A32D752A2FF}</UniqueIdentifier>
      <Extensions>cpp;c;cc;cxx;c++;cppm;ixx;def;odl;idl;hpj;bat;asm;asmx</Extensions>
    </Filter>
    <Filter Include="App">
      <UniqueIdentifier>{93995380-89BD-4b04-88EB-625FBE52EBFB}</UniqueIdentifier>
      <Extensions>h;hh;hpp;hxx;h++;hm;inl;inc;ipp;xsd</Extensions>
    </Filter>
    <Filter Include="Presenter">
      <UniqueIdentifier>{202320a8-e469-4f5f-8feb-bbd6966fdda8}</UniqueIdentifier>
    </Filter>
    <Filter Include="Domain\Headers">
      <UniqueIdentifier>{2d16af1e-d5df-4998-8dd8-26c6c79b1a33}</UniqueIdentifier>
    </Filter>
  </ItemGroup>
  <ItemGroup>
    <ClCompile Include="main.cpp">
      <Filter>App</Filter>
    </ClCompile>
    <ClCompile Include="Vendedor.cpp">
      <Filter>Domain</Filter>
    </ClCompile>
    <ClCompile Include="Cotizacion.cpp">
      <Filter>Domain</Filter>
    </ClCompile>
    <ClCompile Include="Tienda.cpp">
      <Filter>Domain</Filter>
    </ClCompile>
    <ClCompile Include="Prenda.cpp">
      <Filter>Domain</Filter>
    </ClCompile>
    <ClCompile Include="Camisa.cpp">
      <Filter>Domain</Filter>
    </ClCompile>
    <ClCompile Include="Pantalon.cpp">
      <Filter>Domain</Filter>
    </ClCompile>
    <ClCompile Include="Presenter.cpp">
      <Filter>Presenter</Filter>
    </ClCompile>
    <ClCompile Include="View.cpp">
      <Filter>View</Filter>
    </ClCompile>
  </ItemGroup>
  <ItemGroup>
    <ClInclude Include="Vendedor.h">
      <Filter>Domain\Headers</Filter>
    </ClInclude>
    <ClInclude Include="Cotizacion.h">
      <Filter>Domain\Headers</Filter>
    </ClInclude>
    <ClInclude Include="Tienda.h">
      <Filter>Domain\Headers</Filter>
    </ClInclude>
    <ClInclude Include="Prenda.h">
      <Filter>Domain\Headers</Filter>
    </ClInclude>
    <ClInclude Include="Camisa.h">
      <Filter>Domain\Headers</Filter>
    </ClInclude>
    <ClInclude Include="Pantalon.h">
      <Filter>Domain\Headers</Filter>
    </ClInclude>
    <ClInclude Include="Presenter.h">
      <Filter>Presenter</Filter>
    </ClInclude>
    <ClInclude Include="View.h">
      <Filter>View</Filter>
    </ClInclude>
  </ItemGroup>
</Project>